# THIS IS AN AUTOGENERATED FILE. DO NOT EDIT THIS FILE DIRECTLY.
# yarn lockfile v1


"denque@^1.5.0":
  "integrity" "sha512-XwE+iZ4D6ZUB7mfYRMb5wByE8L74HCn30FBN7sWnXksWc1LO1bPDl67pBR9o/kC4z/xSNAwkMYcGgqDV3BE3Hw=="
  "resolved" "https://registry.npmjs.org/denque/-/denque-1.5.1.tgz"
  "version" "1.5.1"

"redis-commands@^1.7.0":
  "integrity" "sha512-nJWqw3bTFy21hX/CPKHth6sfhZbdiHP6bTawSgQBlKOVRG7EZkfHbbHwQJnrE4vsQf0CMNE+3gJ4Fmm16vdVlQ=="
  "resolved" "https://registry.npmjs.org/redis-commands/-/redis-commands-1.7.0.tgz"
  "version" "1.7.0"

"redis-errors@^1.0.0", "redis-errors@^1.2.0":
  "integrity" "sha1-62LSrbFeTq9GEMBK/hUpOEJQq60="
  "resolved" "https://registry.npmjs.org/redis-errors/-/redis-errors-1.2.0.tgz"
  "version" "1.2.0"

"redis-parser@^3.0.0":
  "integrity" "sha1-tm2CjNyv5rS4pCin3vTGvKwxyLQ="
  "resolved" "https://registry.npmjs.org/redis-parser/-/redis-parser-3.0.0.tgz"
  "version" "3.0.0"
  dependencies:
    "redis-errors" "^1.0.0"

"redis@^3.1.2":
  "integrity" "sha512-grn5KoZLr/qrRQVwoSkmzdbw6pwF+/rwODtrOr6vuBRiR/f3rjSTGupbF90Zpqm2oenix8Do6RV7pYEkGwlKkw=="
  "resolved" "https://registry.npmjs.org/redis/-/redis-3.1.2.tgz"
  "version" "3.1.2"
  dependencies:
    "denque" "^1.5.0"
    "redis-commands" "^1.7.0"
    "redis-errors" "^1.2.0"
    "redis-parser" "^3.0.0"

"zebra-browser-print-wrapper@^0.1.4":
  "integrity" "sha512-w0mqnq83flxnNTgSgzkvSZWgnP/ffD0v+a5smOHUhB3UiaWqkDqIXzS6n6QnD6BBjE0qdrmlCmzoasSogEBJlw=="
  "resolved" "https://registry.npmjs.org/zebra-browser-print-wrapper/-/zebra-browser-print-wrapper-0.1.4.tgz"
  "version" "0.1.4"
